
Microsoft Visual Studio Solution File, Format Version 12.00
# Visual Studio Version 17
VisualStudioVersion = 17.11.35208.52
MinimumVisualStudioVersion = 10.0.40219.1
Project("{FAE04EC0-301F-11D3-BF4B-00C04F79EFBC}") = "CodingChallengesEspinozaP3", "CodingChallengesEspinozaP3.csproj", "{1416BA67-AB13-4B8B-936F-FA1CA98F8AC5}"
EndProject
Global
	GlobalSection(SolutionConfigurationPlatforms) = preSolution
		Debug|Any CPU = Debug|Any CPU
		Release|Any CPU = Release|Any CPU
	EndGlobalSection
	GlobalSection(ProjectConfigurationPlatforms) = postSolution
		{1416BA67-AB13-4B8B-936F-FA1CA98F8AC5}.Debug|Any CPU.ActiveCfg = Debug|Any CPU
		{1416BA67-AB13-4B8B-936F-FA1CA98F8AC5}.Debug|Any CPU.Build.0 = Debug|Any CPU
		{1416BA67-AB13-4B8B-936F-FA1CA98F8AC5}.Release|Any CPU.ActiveCfg = Release|Any CPU
		{1416BA67-AB13-4B8B-936F-FA1CA98F8AC5}.Release|Any CPU.Build.0 = Release|Any CPU
	EndGlobalSection
	GlobalSection(SolutionProperties) = preSolution
		HideSolutionNode = FALSE
	EndGlobalSection
	GlobalSection(ExtensibilityGlobals) = postSolution
		SolutionGuid = {F98CE5D0-9937-4E80-8C0A-4ACD2A15A14D}
	EndGlobalSection
EndGlobal
